
Microsoft Visual Studio Solution File, Format Version 12.00
# Visual Studio Version 16
VisualStudioVersion = 16.0.29709.97
MinimumVisualStudioVersion = 10.0.40219.1
Project("{8BC9CEB8-8B4A-11D0-8D11-00A0C91BC942}") = "Big-Oh", "Big-Oh\Big-Oh.vcxproj", "{48E55283-30F4-4218-8514-4F517751E2D6}"
EndProject
Global
	GlobalSection(SolutionConfigurationPlatforms) = preSolution
		Debug|x64 = Debug|x64
		Debug|x86 = Debug|x86
		Release|x64 = Release|x64
		Release|x86 = Release|x86
	EndGlobalSection
	GlobalSection(ProjectConfigurationPlatforms) = postSolution
		{48E55283-30F4-4218-8514-4F517751E2D6}.Debug|x64.ActiveCfg = Debug|x64
		{48E55283-30F4-4218-8514-4F517751E2D6}.Debug|x64.Build.0 = Debug|x64
		{48E55283-30F4-4218-8514-4F517751E2D6}.Debug|x86.ActiveCfg = Debug|Win32
		{48E55283-30F4-4218-8514-4F517751E2D6}.Debug|x86.Build.0 = Debug|Win32
		{48E55283-30F4-4218-8514-4F517751E2D6}.Release|x64.ActiveCfg = Release|x64
		{48E55283-30F4-4218-8514-4F517751E2D6}.Release|x64.Build.0 = Release|x64
		{48E55283-30F4-4218-8514-4F517751E2D6}.Release|x86.ActiveCfg = Release|Win32
		{48E55283-30F4-4218-8514-4F517751E2D6}.Release|x86.Build.0 = Release|Win32
	EndGlobalSection
	GlobalSection(SolutionProperties) = preSolution
		HideSolutionNode = FALSE
	EndGlobalSection
	GlobalSection(ExtensibilityGlobals) = postSolution
		SolutionGuid = {23C6CD98-CD58-4CCF-A419-16EDA5A5ABB6}
	EndGlobalSection
EndGlobal
